# Generated by move; do not edit
# This file should be checked in.

[move]
version = 4

[pinned.mainnet.MoveStdlib]
source = { git = "https://github.com/MystenLabs/sui.git", subdir = "crates/sui-framework/packages/move-stdlib", rev = "c2428b3aaf9c24270b609001e56d96cb10c76d28" }
use_environment = "mainnet"
manifest_digest = "C4FE4C91DE74CBF223B2E380AE40F592177D21870DC2D7EB6227D2D694E05363"
deps = {}

[pinned.mainnet.Sui]
source = { git = "https://github.com/MystenLabs/sui.git", subdir = "crates/sui-framework/packages/sui-framework", rev = "c2428b3aaf9c24270b609001e56d96cb10c76d28" }
use_environment = "mainnet"
manifest_digest = "CD547CB1ACCE0880C835DAED2D8FFCB91D56C833AE5240D3AA5B918398263195"
deps = { MoveStdlib = "MoveStdlib" }

[pinned.mainnet.bs_oracle]
source = { local = "../bs_oracle" }
use_environment = "mainnet"
manifest_digest = "224670ACA4BA33899A333BCF24112E6923A11AB974F5B751E4670E7DC8C5D352"
deps = { MoveStdlib = "MoveStdlib", Sui = "Sui" }

[pinned.mainnet.example_consumer]
source = { root = true }
use_environment = "mainnet"
manifest_digest = "AE79393298026E6BB2618A40CCE8398CEAAD14BA76B70A38AEBC7B99AF016D96"
deps = { MoveStdlib = "MoveStdlib", Sui = "Sui", bs_oracle = "bs_oracle" }

[pinned.testnet.MoveStdlib]
source = { git = "https://github.com/MystenLabs/sui.git", subdir = "crates/sui-framework/packages/move-stdlib", rev = "c2428b3aaf9c24270b609001e56d96cb10c76d28" }
use_environment = "testnet"
manifest_digest = "C4FE4C91DE74CBF223B2E380AE40F592177D21870DC2D7EB6227D2D694E05363"
deps = {}

[pinned.testnet.Sui]
source = { git = "https://github.com/MystenLabs/sui.git", subdir = "crates/sui-framework/packages/sui-framework", rev = "c2428b3aaf9c24270b609001e56d96cb10c76d28" }
use_environment = "testnet"
manifest_digest = "7AFB66695545775FBFBB2D3078ADFD084244D5002392E837FDE21D9EA1C6D01C"
deps = { MoveStdlib = "MoveStdlib" }

[pinned.testnet.bs_oracle]
source = { local = "../bs_oracle" }
use_environment = "testnet"
manifest_digest = "DEA31E1A46DEA12556D3F73C993DD95B71A42720CD2A5FAA7BA794DE8BD6F7AC"
deps = { MoveStdlib = "MoveStdlib", Sui = "Sui" }

[pinned.testnet.example_consumer]
source = { root = true }
use_environment = "testnet"
manifest_digest = "CB197B65549692CC6697603C55ECA9BA6C17D381D9BAF133DF8BD54F946DD1F0"
deps = { MoveStdlib = "MoveStdlib", Sui = "Sui", bs_oracle = "bs_oracle" }
